
Microsoft Visual Studio Solution File, Format Version 12.00
# Visual Studio 15
VisualStudioVersion = 15.0.27703.2047
MinimumVisualStudioVersion = 10.0.40219.1
Project("{FAE04EC0-301F-11D3-BF4B-00C04F79EFBC}") = "TestDevops", "TestDevops\TestDevops.csproj", "{FAFD38D1-3836-4FE3-B5EB-0A77C6F288D2}"
EndProject
Global
	GlobalSection(SolutionConfigurationPlatforms) = preSolution
		Debug|Any CPU = Debug|Any CPU
		Release|Any CPU = Release|Any CPU
	EndGlobalSection
	GlobalSection(ProjectConfigurationPlatforms) = postSolution
		{FAFD38D1-3836-4FE3-B5EB-0A77C6F288D2}.Debug|Any CPU.ActiveCfg = Debug|Any CPU
		{FAFD38D1-3836-4FE3-B5EB-0A77C6F288D2}.Debug|Any CPU.Build.0 = Debug|Any CPU
		{FAFD38D1-3836-4FE3-B5EB-0A77C6F288D2}.Release|Any CPU.ActiveCfg = Release|Any CPU
		{FAFD38D1-3836-4FE3-B5EB-0A77C6F288D2}.Release|Any CPU.Build.0 = Release|Any CPU
	EndGlobalSection
	GlobalSection(SolutionProperties) = preSolution
		HideSolutionNode = FALSE
	EndGlobalSection
	GlobalSection(ExtensibilityGlobals) = postSolution
		SolutionGuid = {C3EE0312-75DB-47F2-9CFC-67D678EDCF19}
	EndGlobalSection
EndGlobal
